
Microsoft Visual Studio Solution File, Format Version 12.00
# Visual Studio Version 17
VisualStudioVersion = 17.1.32407.343
MinimumVisualStudioVersion = 10.0.40219.1
Project("{9A19103F-16F7-4668-BE54-9A1E7A4F7556}") = "LoveLiveHeardleSpotify", "LoveLiveHeardleSpotify.csproj", "{4365B8D0-9BEE-400F-9AC2-F954A92F2868}"
EndProject
Global
	GlobalSection(SolutionConfigurationPlatforms) = preSolution
		Debug|Any CPU = Debug|Any CPU
		Release|Any CPU = Release|Any CPU
	EndGlobalSection
	GlobalSection(ProjectConfigurationPlatforms) = postSolution
		{4365B8D0-9BEE-400F-9AC2-F954A92F2868}.Debug|Any CPU.ActiveCfg = Debug|Any CPU
		{4365B8D0-9BEE-400F-9AC2-F954A92F2868}.Debug|Any CPU.Build.0 = Debug|Any CPU
		{4365B8D0-9BEE-400F-9AC2-F954A92F2868}.Release|Any CPU.ActiveCfg = Release|Any CPU
		{4365B8D0-9BEE-400F-9AC2-F954A92F2868}.Release|Any CPU.Build.0 = Release|Any CPU
	EndGlobalSection
	GlobalSection(SolutionProperties) = preSolution
		HideSolutionNode = FALSE
	EndGlobalSection
	GlobalSection(ExtensibilityGlobals) = postSolution
		SolutionGuid = {9169115A-D647-4AE5-8CCF-9B8C3B194C6C}
	EndGlobalSection
EndGlobal
